<?xml version="1.0" encoding="utf-8"?>
<Project ToolsVersion="4.0" xmlns="http://schemas.microsoft.com/developer/msbuild/2003">
  <ItemGroup>
    <Filter Include="Source Files">
      <UniqueIdentifier>{4FC737F1-C7A5-4376-A066-2A32D752A2FF}</UniqueIdentifier>
      <Extensions>cpp;c;cc;cxx;c++;cppm;ixx;def;odl;idl;hpj;bat;asm;asmx</Extensions>
    </Filter>
    <Filter Include="Header Files">
      <UniqueIdentifier>{93995380-89BD-4b04-88EB-625FBE52EBFB}</UniqueIdentifier>
      <Extensions>h;hh;hpp;hxx;h++;hm;inl;inc;ipp;xsd</Extensions>
    </Filter>
    <Filter Include="Resource Files">
      <UniqueIdentifier>{67DA6AB6-F800-4c08-8B7A-83BB121AAD01}</UniqueIdentifier>
      <Extensions>rc;ico;cur;bmp;dlg;rc2;rct;bin;rgs;gif;jpg;jpeg;jpe;resx;tiff;tif;png;wav;mfcribbon-ms</Extensions>
    </Filter>
    <Filter Include="Source Files\base">
      <UniqueIdentifier>{f958f3a4-e6bc-4f5a-ac29-eaab21971be5}</UniqueIdentifier>
    </Filter>
    <Filter Include="Libraries">
      <UniqueIdentifier>{f4ead064-6eab-4187-a28c-f4aaeb9e51d5}</UniqueIdentifier>
    </Filter>
  </ItemGroup>
  <ItemGroup>
    <ClCompile Include="newgame.cpp">
      <Filter>Source Files</Filter>
    </ClCompile>
    <ClCompile Include="base\Object.cpp">
      <Filter>Source Files\base</Filter>
    </ClCompile>
    <ClCompile Include="base\base.cpp">
      <Filter>Source Files\base</Filter>
    </ClCompile>
  </ItemGroup>
  <ItemGroup>
    <ClInclude Include="base\Object.h">
      <Filter>Header Files</Filter>
    </ClInclude>
    <ClInclude Include="base\base.h">
      <Filter>Header Files</Filter>
    </ClInclude>
    <ClInclude Include="resource.h">
      <Filter>Header Files</Filter>
    </ClInclude>
  </ItemGroup>
  <ItemGroup>
    <None Include="..\..\..\..\..\..">
      <Filter>Resource Files</Filter>
    </None>
    <None Include="lib\openal32.dll">
      <Filter>Libraries</Filter>
    </None>
    <None Include="lib\sfml-audio-2.dll">
      <Filter>Libraries</Filter>
    </None>
    <None Include="lib\sfml-graphics-2.dll">
      <Filter>Libraries</Filter>
    </None>
    <None Include="lib\sfml-network-2.dll">
      <Filter>Libraries</Filter>
    </None>
    <None Include="lib\sfml-system-2.dll">
      <Filter>Libraries</Filter>
    </None>
    <None Include="lib\sfml-window-2.dll">
      <Filter>Libraries</Filter>
    </None>
  </ItemGroup>
  <ItemGroup>
    <ResourceCompile Include="newgame.rc">
      <Filter>Resource Files</Filter>
    </ResourceCompile>
  </ItemGroup>
</Project>