<?xml version="1.0" encoding="utf-8"?>
<Project ToolsVersion="4.0" xmlns="http://schemas.microsoft.com/developer/msbuild/2003">
  <ItemGroup>
    <Filter Include="Resource Files">
      <UniqueIdentifier>{67DA6AB6-F800-4c08-8B7A-83BB121AAD01}</UniqueIdentifier>
      <Extensions>rc;ico;cur;bmp;dlg;rc2;rct;bin;rgs;gif;jpg;jpeg;jpe;resx;tiff;tif;png;wav;mfcribbon-ms</Extensions>
    </Filter>
    <Filter Include="Libraries">
      <UniqueIdentifier>{f4ead064-6eab-4187-a28c-f4aaeb9e51d5}</UniqueIdentifier>
    </Filter>
    <Filter Include="cpp">
      <UniqueIdentifier>{3f4098fa-6bd2-4d21-853b-28a8cd05100f}</UniqueIdentifier>
    </Filter>
    <Filter Include="cpp\Source Files">
      <UniqueIdentifier>{4FC737F1-C7A5-4376-A066-2A32D752A2FF}</UniqueIdentifier>
      <Extensions>cpp;c;cc;cxx;c++;cppm;ixx;def;odl;idl;hpj;bat;asm;asmx</Extensions>
    </Filter>
    <Filter Include="cpp\Source Files\base">
      <UniqueIdentifier>{f958f3a4-e6bc-4f5a-ac29-eaab21971be5}</UniqueIdentifier>
    </Filter>
    <Filter Include="cpp\Source Files\base\Collider">
      <UniqueIdentifier>{6d1b675e-6928-4a0e-a033-7532fd99fe3c}</UniqueIdentifier>
    </Filter>
    <Filter Include="cpp\Header Files">
      <UniqueIdentifier>{93995380-89BD-4b04-88EB-625FBE52EBFB}</UniqueIdentifier>
      <Extensions>h;hh;hpp;hxx;h++;hm;inl;inc;ipp;xsd</Extensions>
    </Filter>
    <Filter Include="cpp\Header Files\base">
      <UniqueIdentifier>{52d04d91-02f3-48ee-b086-fdaa55e2112d}</UniqueIdentifier>
    </Filter>
    <Filter Include="cpp\Header Files\base\Collider">
      <UniqueIdentifier>{f9cf9857-985c-4b2e-a810-e4064676f8f3}</UniqueIdentifier>
    </Filter>
  </ItemGroup>
  <ItemGroup>
    <ClCompile Include="source\main.cpp">
      <Filter>cpp\Source Files</Filter>
    </ClCompile>
    <ClCompile Include="source\core\Object.cpp">
      <Filter>cpp\Source Files\base</Filter>
    </ClCompile>
    <ClCompile Include="source\GameObjects\FPSDisplay.cpp">
      <Filter>cpp\Source Files</Filter>
    </ClCompile>
    <ClCompile Include="source\GameObjects\Player.cpp">
      <Filter>cpp\Source Files</Filter>
    </ClCompile>
    <ClCompile Include="source\core\physics\Collision.cpp">
      <Filter>cpp\Source Files\base</Filter>
    </ClCompile>
    <ClCompile Include="source\core\physics\Collider.cpp">
      <Filter>cpp\Source Files\base\Collider</Filter>
    </ClCompile>
    <ClCompile Include="source\core\Core.cpp">
      <Filter>cpp\Source Files</Filter>
    </ClCompile>
    <ClCompile Include="source\GameObjects\ObjectExample.cpp">
      <Filter>cpp\Source Files</Filter>
    </ClCompile>
    <ClCompile Include="source\GameObjects\GameFloor.cpp">
      <Filter>cpp\Source Files</Filter>
    </ClCompile>
    <ClCompile Include="source\GameObjects\GameRoom.cpp">
      <Filter>cpp\Source Files</Filter>
    </ClCompile>
    <ClCompile Include="source\core\graphics\SpriteController.cpp">
      <Filter>cpp\Source Files</Filter>
    </ClCompile>
    <ClCompile Include="source\core\graphics\Animation.cpp">
      <Filter>cpp\Source Files</Filter>
    </ClCompile>
  </ItemGroup>
  <ItemGroup>
    <ClInclude Include="include\Player.h">
      <Filter>cpp\Header Files</Filter>
    </ClInclude>
    <ClInclude Include="include\FPSDisplay.h">
      <Filter>cpp\Header Files</Filter>
    </ClInclude>
    <ClInclude Include="include\Object.h">
      <Filter>cpp\Header Files\base</Filter>
    </ClInclude>
    <ClInclude Include="include\Collision.h">
      <Filter>cpp\Header Files\base</Filter>
    </ClInclude>
    <ClInclude Include="include\Collider.h">
      <Filter>cpp\Header Files\base\Collider</Filter>
    </ClInclude>
    <ClInclude Include="include\Core.h">
      <Filter>cpp\Header Files</Filter>
    </ClInclude>
    <ClInclude Include="Libraries\SFML-2.5.1\include\SFML\Audio\AlResource.hpp">
      <Filter>cpp\Header Files</Filter>
    </ClInclude>
    <ClInclude Include="Libraries\SFML-2.5.1\include\SFML\Audio\Export.hpp">
      <Filter>cpp\Header Files</Filter>
    </ClInclude>
    <ClInclude Include="Libraries\SFML-2.5.1\include\SFML\Audio\InputSoundFile.hpp">
      <Filter>cpp\Header Files</Filter>
    </ClInclude>
    <ClInclude Include="Libraries\SFML-2.5.1\include\SFML\Audio\Listener.hpp">
      <Filter>cpp\Header Files</Filter>
    </ClInclude>
    <ClInclude Include="Libraries\SFML-2.5.1\include\SFML\Audio\Music.hpp">
      <Filter>cpp\Header Files</Filter>
    </ClInclude>
    <ClInclude Include="Libraries\SFML-2.5.1\include\SFML\Audio\OutputSoundFile.hpp">
      <Filter>cpp\Header Files</Filter>
    </ClInclude>
    <ClInclude Include="Libraries\SFML-2.5.1\include\SFML\Audio\Sound.hpp">
      <Filter>cpp\Header Files</Filter>
    </ClInclude>
    <ClInclude Include="Libraries\SFML-2.5.1\include\SFML\Audio\SoundBuffer.hpp">
      <Filter>cpp\Header Files</Filter>
    </ClInclude>
    <ClInclude Include="Libraries\SFML-2.5.1\include\SFML\Audio\SoundBufferRecorder.hpp">
      <Filter>cpp\Header Files</Filter>
    </ClInclude>
    <ClInclude Include="Libraries\SFML-2.5.1\include\SFML\Audio\SoundFileFactory.hpp">
      <Filter>cpp\Header Files</Filter>
    </ClInclude>
    <ClInclude Include="Libraries\SFML-2.5.1\include\SFML\Audio\SoundFileReader.hpp">
      <Filter>cpp\Header Files</Filter>
    </ClInclude>
    <ClInclude Include="Libraries\SFML-2.5.1\include\SFML\Audio\SoundFileWriter.hpp">
      <Filter>cpp\Header Files</Filter>
    </ClInclude>
    <ClInclude Include="Libraries\SFML-2.5.1\include\SFML\Audio\SoundRecorder.hpp">
      <Filter>cpp\Header Files</Filter>
    </ClInclude>
    <ClInclude Include="Libraries\SFML-2.5.1\include\SFML\Audio\SoundSource.hpp">
      <Filter>cpp\Header Files</Filter>
    </ClInclude>
    <ClInclude Include="Libraries\SFML-2.5.1\include\SFML\Audio\SoundStream.hpp">
      <Filter>cpp\Header Files</Filter>
    </ClInclude>
    <ClInclude Include="Libraries\SFML-2.5.1\include\SFML\Graphics\BlendMode.hpp">
      <Filter>cpp\Header Files</Filter>
    </ClInclude>
    <ClInclude Include="Libraries\SFML-2.5.1\include\SFML\Graphics\CircleShape.hpp">
      <Filter>cpp\Header Files</Filter>
    </ClInclude>
    <ClInclude Include="Libraries\SFML-2.5.1\include\SFML\Graphics\Color.hpp">
      <Filter>cpp\Header Files</Filter>
    </ClInclude>
    <ClInclude Include="Libraries\SFML-2.5.1\include\SFML\Graphics\ConvexShape.hpp">
      <Filter>cpp\Header Files</Filter>
    </ClInclude>
    <ClInclude Include="Libraries\SFML-2.5.1\include\SFML\Graphics\Drawable.hpp">
      <Filter>cpp\Header Files</Filter>
    </ClInclude>
    <ClInclude Include="Libraries\SFML-2.5.1\include\SFML\Graphics\Export.hpp">
      <Filter>cpp\Header Files</Filter>
    </ClInclude>
    <ClInclude Include="Libraries\SFML-2.5.1\include\SFML\Graphics\Font.hpp">
      <Filter>cpp\Header Files</Filter>
    </ClInclude>
    <ClInclude Include="Libraries\SFML-2.5.1\include\SFML\Graphics\Glsl.hpp">
      <Filter>cpp\Header Files</Filter>
    </ClInclude>
    <ClInclude Include="Libraries\SFML-2.5.1\include\SFML\Graphics\Glyph.hpp">
      <Filter>cpp\Header Files</Filter>
    </ClInclude>
    <ClInclude Include="Libraries\SFML-2.5.1\include\SFML\Graphics\Image.hpp">
      <Filter>cpp\Header Files</Filter>
    </ClInclude>
    <ClInclude Include="Libraries\SFML-2.5.1\include\SFML\Graphics\PrimitiveType.hpp">
      <Filter>cpp\Header Files</Filter>
    </ClInclude>
    <ClInclude Include="Libraries\SFML-2.5.1\include\SFML\Graphics\Rect.hpp">
      <Filter>cpp\Header Files</Filter>
    </ClInclude>
    <ClInclude Include="Libraries\SFML-2.5.1\include\SFML\Graphics\RectangleShape.hpp">
      <Filter>cpp\Header Files</Filter>
    </ClInclude>
    <ClInclude Include="Libraries\SFML-2.5.1\include\SFML\Graphics\RenderStates.hpp">
      <Filter>cpp\Header Files</Filter>
    </ClInclude>
    <ClInclude Include="Libraries\SFML-2.5.1\include\SFML\Graphics\RenderTarget.hpp">
      <Filter>cpp\Header Files</Filter>
    </ClInclude>
    <ClInclude Include="Libraries\SFML-2.5.1\include\SFML\Graphics\RenderTexture.hpp">
      <Filter>cpp\Header Files</Filter>
    </ClInclude>
    <ClInclude Include="Libraries\SFML-2.5.1\include\SFML\Graphics\RenderWindow.hpp">
      <Filter>cpp\Header Files</Filter>
    </ClInclude>
    <ClInclude Include="Libraries\SFML-2.5.1\include\SFML\Graphics\Shader.hpp">
      <Filter>cpp\Header Files</Filter>
    </ClInclude>
    <ClInclude Include="Libraries\SFML-2.5.1\include\SFML\Graphics\Shape.hpp">
      <Filter>cpp\Header Files</Filter>
    </ClInclude>
    <ClInclude Include="Libraries\SFML-2.5.1\include\SFML\Graphics\Sprite.hpp">
      <Filter>cpp\Header Files</Filter>
    </ClInclude>
    <ClInclude Include="Libraries\SFML-2.5.1\include\SFML\Graphics\Text.hpp">
      <Filter>cpp\Header Files</Filter>
    </ClInclude>
    <ClInclude Include="Libraries\SFML-2.5.1\include\SFML\Graphics\Texture.hpp">
      <Filter>cpp\Header Files</Filter>
    </ClInclude>
    <ClInclude Include="Libraries\SFML-2.5.1\include\SFML\Graphics\Transform.hpp">
      <Filter>cpp\Header Files</Filter>
    </ClInclude>
    <ClInclude Include="Libraries\SFML-2.5.1\include\SFML\Graphics\Transformable.hpp">
      <Filter>cpp\Header Files</Filter>
    </ClInclude>
    <ClInclude Include="Libraries\SFML-2.5.1\include\SFML\Graphics\Vertex.hpp">
      <Filter>cpp\Header Files</Filter>
    </ClInclude>
    <ClInclude Include="Libraries\SFML-2.5.1\include\SFML\Graphics\VertexArray.hpp">
      <Filter>cpp\Header Files</Filter>
    </ClInclude>
    <ClInclude Include="Libraries\SFML-2.5.1\include\SFML\Graphics\VertexBuffer.hpp">
      <Filter>cpp\Header Files</Filter>
    </ClInclude>
    <ClInclude Include="Libraries\SFML-2.5.1\include\SFML\Graphics\View.hpp">
      <Filter>cpp\Header Files</Filter>
    </ClInclude>
    <ClInclude Include="Libraries\SFML-2.5.1\include\SFML\Network\Export.hpp">
      <Filter>cpp\Header Files</Filter>
    </ClInclude>
    <ClInclude Include="Libraries\SFML-2.5.1\include\SFML\Network\Ftp.hpp">
      <Filter>cpp\Header Files</Filter>
    </ClInclude>
    <ClInclude Include="Libraries\SFML-2.5.1\include\SFML\Network\Http.hpp">
      <Filter>cpp\Header Files</Filter>
    </ClInclude>
    <ClInclude Include="Libraries\SFML-2.5.1\include\SFML\Network\IpAddress.hpp">
      <Filter>cpp\Header Files</Filter>
    </ClInclude>
    <ClInclude Include="Libraries\SFML-2.5.1\include\SFML\Network\Packet.hpp">
      <Filter>cpp\Header Files</Filter>
    </ClInclude>
    <ClInclude Include="Libraries\SFML-2.5.1\include\SFML\Network\Socket.hpp">
      <Filter>cpp\Header Files</Filter>
    </ClInclude>
    <ClInclude Include="Libraries\SFML-2.5.1\include\SFML\Network\SocketHandle.hpp">
      <Filter>cpp\Header Files</Filter>
    </ClInclude>
    <ClInclude Include="Libraries\SFML-2.5.1\include\SFML\Network\SocketSelector.hpp">
      <Filter>cpp\Header Files</Filter>
    </ClInclude>
    <ClInclude Include="Libraries\SFML-2.5.1\include\SFML\Network\TcpListener.hpp">
      <Filter>cpp\Header Files</Filter>
    </ClInclude>
    <ClInclude Include="Libraries\SFML-2.5.1\include\SFML\Network\TcpSocket.hpp">
      <Filter>cpp\Header Files</Filter>
    </ClInclude>
    <ClInclude Include="Libraries\SFML-2.5.1\include\SFML\Network\UdpSocket.hpp">
      <Filter>cpp\Header Files</Filter>
    </ClInclude>
    <ClInclude Include="Libraries\SFML-2.5.1\include\SFML\System\Clock.hpp">
      <Filter>cpp\Header Files</Filter>
    </ClInclude>
    <ClInclude Include="Libraries\SFML-2.5.1\include\SFML\System\Err.hpp">
      <Filter>cpp\Header Files</Filter>
    </ClInclude>
    <ClInclude Include="Libraries\SFML-2.5.1\include\SFML\System\Export.hpp">
      <Filter>cpp\Header Files</Filter>
    </ClInclude>
    <ClInclude Include="Libraries\SFML-2.5.1\include\SFML\System\FileInputStream.hpp">
      <Filter>cpp\Header Files</Filter>
    </ClInclude>
    <ClInclude Include="Libraries\SFML-2.5.1\include\SFML\System\InputStream.hpp">
      <Filter>cpp\Header Files</Filter>
    </ClInclude>
    <ClInclude Include="Libraries\SFML-2.5.1\include\SFML\System\Lock.hpp">
      <Filter>cpp\Header Files</Filter>
    </ClInclude>
    <ClInclude Include="Libraries\SFML-2.5.1\include\SFML\System\MemoryInputStream.hpp">
      <Filter>cpp\Header Files</Filter>
    </ClInclude>
    <ClInclude Include="Libraries\SFML-2.5.1\include\SFML\System\Mutex.hpp">
      <Filter>cpp\Header Files</Filter>
    </ClInclude>
    <ClInclude Include="Libraries\SFML-2.5.1\include\SFML\System\NativeActivity.hpp">
      <Filter>cpp\Header Files</Filter>
    </ClInclude>
    <ClInclude Include="Libraries\SFML-2.5.1\include\SFML\System\NonCopyable.hpp">
      <Filter>cpp\Header Files</Filter>
    </ClInclude>
    <ClInclude Include="Libraries\SFML-2.5.1\include\SFML\System\Sleep.hpp">
      <Filter>cpp\Header Files</Filter>
    </ClInclude>
    <ClInclude Include="Libraries\SFML-2.5.1\include\SFML\System\String.hpp">
      <Filter>cpp\Header Files</Filter>
    </ClInclude>
    <ClInclude Include="Libraries\SFML-2.5.1\include\SFML\System\Thread.hpp">
      <Filter>cpp\Header Files</Filter>
    </ClInclude>
    <ClInclude Include="Libraries\SFML-2.5.1\include\SFML\System\ThreadLocal.hpp">
      <Filter>cpp\Header Files</Filter>
    </ClInclude>
    <ClInclude Include="Libraries\SFML-2.5.1\include\SFML\System\ThreadLocalPtr.hpp">
      <Filter>cpp\Header Files</Filter>
    </ClInclude>
    <ClInclude Include="Libraries\SFML-2.5.1\include\SFML\System\Time.hpp">
      <Filter>cpp\Header Files</Filter>
    </ClInclude>
    <ClInclude Include="Libraries\SFML-2.5.1\include\SFML\System\Utf.hpp">
      <Filter>cpp\Header Files</Filter>
    </ClInclude>
    <ClInclude Include="Libraries\SFML-2.5.1\include\SFML\System\Vector2.hpp">
      <Filter>cpp\Header Files</Filter>
    </ClInclude>
    <ClInclude Include="Libraries\SFML-2.5.1\include\SFML\System\Vector3.hpp">
      <Filter>cpp\Header Files</Filter>
    </ClInclude>
    <ClInclude Include="Libraries\SFML-2.5.1\include\SFML\Window\Window\Clipboard.hpp">
      <Filter>cpp\Header Files</Filter>
    </ClInclude>
    <ClInclude Include="Libraries\SFML-2.5.1\include\SFML\Window\Window\Context.hpp">
      <Filter>cpp\Header Files</Filter>
    </ClInclude>
    <ClInclude Include="Libraries\SFML-2.5.1\include\SFML\Window\Window\ContextSettings.hpp">
      <Filter>cpp\Header Files</Filter>
    </ClInclude>
    <ClInclude Include="Libraries\SFML-2.5.1\include\SFML\Window\Window\Cursor.hpp">
      <Filter>cpp\Header Files</Filter>
    </ClInclude>
    <ClInclude Include="Libraries\SFML-2.5.1\include\SFML\Window\Window\Event.hpp">
      <Filter>cpp\Header Files</Filter>
    </ClInclude>
    <ClInclude Include="Libraries\SFML-2.5.1\include\SFML\Window\Window\Export.hpp">
      <Filter>cpp\Header Files</Filter>
    </ClInclude>
    <ClInclude Include="Libraries\SFML-2.5.1\include\SFML\Window\Window\GlResource.hpp">
      <Filter>cpp\Header Files</Filter>
    </ClInclude>
    <ClInclude Include="Libraries\SFML-2.5.1\include\SFML\Window\Window\Joystick.hpp">
      <Filter>cpp\Header Files</Filter>
    </ClInclude>
    <ClInclude Include="Libraries\SFML-2.5.1\include\SFML\Window\Window\Keyboard.hpp">
      <Filter>cpp\Header Files</Filter>
    </ClInclude>
    <ClInclude Include="Libraries\SFML-2.5.1\include\SFML\Window\Window\Mouse.hpp">
      <Filter>cpp\Header Files</Filter>
    </ClInclude>
    <ClInclude Include="Libraries\SFML-2.5.1\include\SFML\Window\Window\Sensor.hpp">
      <Filter>cpp\Header Files</Filter>
    </ClInclude>
    <ClInclude Include="Libraries\SFML-2.5.1\include\SFML\Window\Window\Touch.hpp">
      <Filter>cpp\Header Files</Filter>
    </ClInclude>
    <ClInclude Include="Libraries\SFML-2.5.1\include\SFML\Window\Window\VideoMode.hpp">
      <Filter>cpp\Header Files</Filter>
    </ClInclude>
    <ClInclude Include="Libraries\SFML-2.5.1\include\SFML\Window\Window\Window.hpp">
      <Filter>cpp\Header Files</Filter>
    </ClInclude>
    <ClInclude Include="Libraries\SFML-2.5.1\include\SFML\Window\Window\WindowHandle.hpp">
      <Filter>cpp\Header Files</Filter>
    </ClInclude>
    <ClInclude Include="Libraries\SFML-2.5.1\include\SFML\Window\Window\WindowStyle.hpp">
      <Filter>cpp\Header Files</Filter>
    </ClInclude>
    <ClInclude Include="Libraries\SFML-2.5.1\include\SFML\Window\Clipboard.hpp">
      <Filter>cpp\Header Files</Filter>
    </ClInclude>
    <ClInclude Include="Libraries\SFML-2.5.1\include\SFML\Window\Context.hpp">
      <Filter>cpp\Header Files</Filter>
    </ClInclude>
    <ClInclude Include="Libraries\SFML-2.5.1\include\SFML\Window\ContextSettings.hpp">
      <Filter>cpp\Header Files</Filter>
    </ClInclude>
    <ClInclude Include="Libraries\SFML-2.5.1\include\SFML\Window\Cursor.hpp">
      <Filter>cpp\Header Files</Filter>
    </ClInclude>
    <ClInclude Include="Libraries\SFML-2.5.1\include\SFML\Window\Event.hpp">
      <Filter>cpp\Header Files</Filter>
    </ClInclude>
    <ClInclude Include="Libraries\SFML-2.5.1\include\SFML\Window\Export.hpp">
      <Filter>cpp\Header Files</Filter>
    </ClInclude>
    <ClInclude Include="Libraries\SFML-2.5.1\include\SFML\Window\GlResource.hpp">
      <Filter>cpp\Header Files</Filter>
    </ClInclude>
    <ClInclude Include="Libraries\SFML-2.5.1\include\SFML\Window\Joystick.hpp">
      <Filter>cpp\Header Files</Filter>
    </ClInclude>
    <ClInclude Include="Libraries\SFML-2.5.1\include\SFML\Window\Keyboard.hpp">
      <Filter>cpp\Header Files</Filter>
    </ClInclude>
    <ClInclude Include="Libraries\SFML-2.5.1\include\SFML\Window\Mouse.hpp">
      <Filter>cpp\Header Files</Filter>
    </ClInclude>
    <ClInclude Include="Libraries\SFML-2.5.1\include\SFML\Window\Sensor.hpp">
      <Filter>cpp\Header Files</Filter>
    </ClInclude>
    <ClInclude Include="Libraries\SFML-2.5.1\include\SFML\Window\Touch.hpp">
      <Filter>cpp\Header Files</Filter>
    </ClInclude>
    <ClInclude Include="Libraries\SFML-2.5.1\include\SFML\Window\VideoMode.hpp">
      <Filter>cpp\Header Files</Filter>
    </ClInclude>
    <ClInclude Include="Libraries\SFML-2.5.1\include\SFML\Window\Window.hpp">
      <Filter>cpp\Header Files</Filter>
    </ClInclude>
    <ClInclude Include="Libraries\SFML-2.5.1\include\SFML\Window\WindowHandle.hpp">
      <Filter>cpp\Header Files</Filter>
    </ClInclude>
    <ClInclude Include="Libraries\SFML-2.5.1\include\SFML\Window\WindowStyle.hpp">
      <Filter>cpp\Header Files</Filter>
    </ClInclude>
    <ClInclude Include="Libraries\SFML-2.5.1\include\SFML\Audio.hpp">
      <Filter>cpp\Header Files</Filter>
    </ClInclude>
    <ClInclude Include="Libraries\SFML-2.5.1\include\SFML\Config.hpp">
      <Filter>cpp\Header Files</Filter>
    </ClInclude>
    <ClInclude Include="Libraries\SFML-2.5.1\include\SFML\GpuPreference.hpp">
      <Filter>cpp\Header Files</Filter>
    </ClInclude>
    <ClInclude Include="Libraries\SFML-2.5.1\include\SFML\Graphics.hpp">
      <Filter>cpp\Header Files</Filter>
    </ClInclude>
    <ClInclude Include="Libraries\SFML-2.5.1\include\SFML\Main.hpp">
      <Filter>cpp\Header Files</Filter>
    </ClInclude>
    <ClInclude Include="Libraries\SFML-2.5.1\include\SFML\Network.hpp">
      <Filter>cpp\Header Files</Filter>
    </ClInclude>
    <ClInclude Include="Libraries\SFML-2.5.1\include\SFML\OpenGL.hpp">
      <Filter>cpp\Header Files</Filter>
    </ClInclude>
    <ClInclude Include="Libraries\SFML-2.5.1\include\SFML\System.hpp">
      <Filter>cpp\Header Files</Filter>
    </ClInclude>
    <ClInclude Include="Libraries\SFML-2.5.1\include\SFML\Window.hpp">
      <Filter>cpp\Header Files</Filter>
    </ClInclude>
    <ClInclude Include="include\ObjectExample.h">
      <Filter>cpp\Header Files</Filter>
    </ClInclude>
    <ClInclude Include="include\GameFloor.h">
      <Filter>cpp\Header Files</Filter>
    </ClInclude>
    <ClInclude Include="include\GameRoom.h">
      <Filter>cpp\Header Files</Filter>
    </ClInclude>
    <ClInclude Include="include\SpriteController.h">
      <Filter>cpp\Header Files</Filter>
    </ClInclude>
    <ClInclude Include="include\Animation.h">
      <Filter>cpp\Header Files</Filter>
    </ClInclude>
  </ItemGroup>
  <ItemGroup>
    <None Include="lib\openal32.dll">
      <Filter>Libraries</Filter>
    </None>
    <None Include="lib\sfml-audio-2.dll">
      <Filter>Libraries</Filter>
    </None>
    <None Include="lib\sfml-graphics-2.dll">
      <Filter>Libraries</Filter>
    </None>
    <None Include="lib\sfml-network-2.dll">
      <Filter>Libraries</Filter>
    </None>
    <None Include="lib\sfml-system-2.dll">
      <Filter>Libraries</Filter>
    </None>
    <None Include="lib\sfml-window-2.dll">
      <Filter>Libraries</Filter>
    </None>
    <None Include="Libraries\SFML-2.5.1\include\SFML\Audio\SoundFileFactory.inl">
      <Filter>cpp\Header Files</Filter>
    </None>
    <None Include="Libraries\SFML-2.5.1\include\SFML\Graphics\Glsl.inl">
      <Filter>cpp\Header Files</Filter>
    </None>
    <None Include="Libraries\SFML-2.5.1\include\SFML\Graphics\Rect.inl">
      <Filter>cpp\Header Files</Filter>
    </None>
    <None Include="Libraries\SFML-2.5.1\include\SFML\System\String.inl">
      <Filter>cpp\Header Files</Filter>
    </None>
    <None Include="Libraries\SFML-2.5.1\include\SFML\System\Thread.inl">
      <Filter>cpp\Header Files</Filter>
    </None>
    <None Include="Libraries\SFML-2.5.1\include\SFML\System\ThreadLocalPtr.inl">
      <Filter>cpp\Header Files</Filter>
    </None>
    <None Include="Libraries\SFML-2.5.1\include\SFML\System\Utf.inl">
      <Filter>cpp\Header Files</Filter>
    </None>
    <None Include="Libraries\SFML-2.5.1\include\SFML\System\Vector2.inl">
      <Filter>cpp\Header Files</Filter>
    </None>
    <None Include="Libraries\SFML-2.5.1\include\SFML\System\Vector3.inl">
      <Filter>cpp\Header Files</Filter>
    </None>
  </ItemGroup>
</Project>